
Microsoft Visual Studio Solution File, Format Version 12.00
# Visual Studio 14
VisualStudioVersion = 14.0.23107.0
MinimumVisualStudioVersion = 10.0.40219.1
Project("{2150E333-8FDC-42A3-9474-1A3956D46DE8}") = "Solution Items", "Solution Items", "{C8819DE4-3045-4FB1-B4B0-001A6F18141B}"
	ProjectSection(SolutionItems) = preProject
		.gitignore = .gitignore
		License.md = License.md
		paket.dependencies = paket.dependencies
		Readme.md = Readme.md
	EndProjectSection
EndProject
Project("{FAE04EC0-301F-11D3-BF4B-00C04F79EFBC}") = "BlackFox.UsbHid.Portable", "BlackFox.UsbHid\BlackFox.UsbHid.Portable.csproj", "{9326377B-A51A-4CF4-B0F3-4A82060C419C}"
EndProject
Project("{FAE04EC0-301F-11D3-BF4B-00C04F79EFBC}") = "BlackFox.UsbHid.Win32", "BlackFox.UsbHid.Win32\BlackFox.UsbHid.Win32.csproj", "{E54F34E3-1242-414B-B249-7742835A11A0}"
EndProject
Project("{FAE04EC0-301F-11D3-BF4B-00C04F79EFBC}") = "BlackFox.Win32", "BlackFox.Win32\BlackFox.Win32.csproj", "{4B0BC1CA-6C41-4C3B-8E83-91F332F64E6F}"
EndProject
Project("{FAE04EC0-301F-11D3-BF4B-00C04F79EFBC}") = "TestApp", "TestApp\TestApp.csproj", "{91F112E1-5DCB-4315-9C52-A34FD175C4FA}"
EndProject
Project("{FAE04EC0-301F-11D3-BF4B-00C04F79EFBC}") = "BlackFox.U2FHid", "BlackFox.U2FHid\BlackFox.U2FHid.csproj", "{82A6D2FA-7322-40F9-8CC8-91AF500BE384}"
EndProject
Global
	GlobalSection(SolutionConfigurationPlatforms) = preSolution
		Debug|Any CPU = Debug|Any CPU
		Release|Any CPU = Release|Any CPU
	EndGlobalSection
	GlobalSection(ProjectConfigurationPlatforms) = postSolution
		{9326377B-A51A-4CF4-B0F3-4A82060C419C}.Debug|Any CPU.ActiveCfg = Debug|Any CPU
		{9326377B-A51A-4CF4-B0F3-4A82060C419C}.Debug|Any CPU.Build.0 = Debug|Any CPU
		{9326377B-A51A-4CF4-B0F3-4A82060C419C}.Release|Any CPU.ActiveCfg = Release|Any CPU
		{9326377B-A51A-4CF4-B0F3-4A82060C419C}.Release|Any CPU.Build.0 = Release|Any CPU
		{E54F34E3-1242-414B-B249-7742835A11A0}.Debug|Any CPU.ActiveCfg = Debug|Any CPU
		{E54F34E3-1242-414B-B249-7742835A11A0}.Debug|Any CPU.Build.0 = Debug|Any CPU
		{E54F34E3-1242-414B-B249-7742835A11A0}.Release|Any CPU.ActiveCfg = Release|Any CPU
		{E54F34E3-1242-414B-B249-7742835A11A0}.Release|Any CPU.Build.0 = Release|Any CPU
		{4B0BC1CA-6C41-4C3B-8E83-91F332F64E6F}.Debug|Any CPU.ActiveCfg = Debug|Any CPU
		{4B0BC1CA-6C41-4C3B-8E83-91F332F64E6F}.Debug|Any CPU.Build.0 = Debug|Any CPU
		{4B0BC1CA-6C41-4C3B-8E83-91F332F64E6F}.Release|Any CPU.ActiveCfg = Release|Any CPU
		{4B0BC1CA-6C41-4C3B-8E83-91F332F64E6F}.Release|Any CPU.Build.0 = Release|Any CPU
		{91F112E1-5DCB-4315-9C52-A34FD175C4FA}.Debug|Any CPU.ActiveCfg = Debug|Any CPU
		{91F112E1-5DCB-4315-9C52-A34FD175C4FA}.Debug|Any CPU.Build.0 = Debug|Any CPU
		{91F112E1-5DCB-4315-9C52-A34FD175C4FA}.Release|Any CPU.ActiveCfg = Release|Any CPU
		{91F112E1-5DCB-4315-9C52-A34FD175C4FA}.Release|Any CPU.Build.0 = Release|Any CPU
		{82A6D2FA-7322-40F9-8CC8-91AF500BE384}.Debug|Any CPU.ActiveCfg = Debug|Any CPU
		{82A6D2FA-7322-40F9-8CC8-91AF500BE384}.Debug|Any CPU.Build.0 = Debug|Any CPU
		{82A6D2FA-7322-40F9-8CC8-91AF500BE384}.Release|Any CPU.ActiveCfg = Release|Any CPU
		{82A6D2FA-7322-40F9-8CC8-91AF500BE384}.Release|Any CPU.Build.0 = Release|Any CPU
	EndGlobalSection
	GlobalSection(SolutionProperties) = preSolution
		HideSolutionNode = FALSE
	EndGlobalSection
EndGlobal
