
Microsoft Visual Studio Solution File, Format Version 12.00
# Visual Studio 14
VisualStudioVersion = 14.0.23107.0
MinimumVisualStudioVersion = 10.0.40219.1
Project("{2150E333-8FDC-42A3-9474-1A3956D46DE8}") = "Solution Items", "Solution Items", "{C8819DE4-3045-4FB1-B4B0-001A6F18141B}"
	ProjectSection(SolutionItems) = preProject
		.gitignore = .gitignore
		License.md = License.md
		paket.dependencies = paket.dependencies
		Readme.md = Readme.md
	EndProjectSection
EndProject
Project("{FAE04EC0-301F-11D3-BF4B-00C04F79EFBC}") = "BlackFox.UsbHid", "BlackFox.UsbHid\BlackFox.UsbHid.csproj", "{9326377B-A51A-4CF4-B0F3-4A82060C419C}"
EndProject
Project("{FAE04EC0-301F-11D3-BF4B-00C04F79EFBC}") = "BlackFox.UsbHid.Win32", "BlackFox.UsbHid.Win32\BlackFox.UsbHid.Win32.csproj", "{E54F34E3-1242-414B-B249-7742835A11A0}"
EndProject
Project("{FAE04EC0-301F-11D3-BF4B-00C04F79EFBC}") = "BlackFox.Win32", "BlackFox.Win32\BlackFox.Win32.csproj", "{4B0BC1CA-6C41-4C3B-8E83-91F332F64E6F}"
EndProject
Project("{FAE04EC0-301F-11D3-BF4B-00C04F79EFBC}") = "TestApp", "TestApp\TestApp.csproj", "{91F112E1-5DCB-4315-9C52-A34FD175C4FA}"
EndProject
Project("{FAE04EC0-301F-11D3-BF4B-00C04F79EFBC}") = "BlackFox.U2FHid", "BlackFox.U2FHid\BlackFox.U2FHid.csproj", "{82A6D2FA-7322-40F9-8CC8-91AF500BE384}"
EndProject
Project("{FAE04EC0-301F-11D3-BF4B-00C04F79EFBC}") = "BlackFox.U2FHid.Tests", "BlackFox.U2FHid.Tests\BlackFox.U2FHid.Tests.csproj", "{6781A77F-B12F-46A7-9031-7DC282226A11}"
EndProject
Project("{FAE04EC0-301F-11D3-BF4B-00C04F79EFBC}") = "BlackFox.U2F", "BlackFox.U2F\BlackFox.U2F.csproj", "{029AD986-B1C8-4713-AAC6-783761E8D042}"
EndProject
Project("{FAE04EC0-301F-11D3-BF4B-00C04F79EFBC}") = "BlackFox.U2F.Tests", "BlackFox.U2F.Tests\BlackFox.U2F.Tests.csproj", "{58A39661-89FB-4017-AB57-9FDB70C69AC2}"
EndProject
Project("{FAE04EC0-301F-11D3-BF4B-00C04F79EFBC}") = "UwpTestApp", "UwpTestApp\UwpTestApp.csproj", "{98E75FEE-0FBB-4E57-881B-0F4D9756A608}"
EndProject
Project("{D954291E-2A0B-460D-934E-DC6B0785DB48}") = "BlackFox.Binary", "BlackFox.BinaryUtils\BlackFox.Binary.shproj", "{F9623C13-348B-47D1-9DF1-4580B7C5CCB6}"
EndProject
Project("{D954291E-2A0B-460D-934E-DC6B0785DB48}") = "ResharperAnnotations", "ResharperAnnotations\ResharperAnnotations.shproj", "{CF042726-F1EE-4CA1-906A-346FA6647B88}"
EndProject
Project("{FAE04EC0-301F-11D3-BF4B-00C04F79EFBC}") = "BlackFox.UsbHid.Uwp", "BlackFox.UsbHid.Uwp\BlackFox.UsbHid.Uwp.csproj", "{D3A00E99-5078-496D-A726-BA7DAA132C08}"
EndProject
Project("{D954291E-2A0B-460D-934E-DC6B0785DB48}") = "BlackFox.Binary.Logging", "BlackFox.Binary.Logging\BlackFox.Binary.Logging.shproj", "{9F157242-9AE6-4ADB-8085-FD1FB5CD4C12}"
EndProject
Project("{2150E333-8FDC-42A3-9474-1A3956D46DE8}") = "U2F", "U2F", "{B9B87572-7B00-4C62-A3DF-32CA33D9F289}"
EndProject
Project("{2150E333-8FDC-42A3-9474-1A3956D46DE8}") = "UsbHid", "UsbHid", "{D75D4A60-4A6D-48CB-802B-E3F1357593CD}"
EndProject
Global
	GlobalSection(SharedMSBuildProjectFiles) = preSolution
		BlackFox.BinaryUtils\BinaryUtils.projitems*{e54f34e3-1242-414b-b249-7742835a11a0}*SharedItemsImports = 4
		ResharperAnnotations\ResharperAnnotations.projitems*{e54f34e3-1242-414b-b249-7742835a11a0}*SharedItemsImports = 4
		BlackFox.Binary.Logging\BlackFox.Binary.Logging.projitems*{e54f34e3-1242-414b-b249-7742835a11a0}*SharedItemsImports = 4
		BlackFox.BinaryUtils\BinaryUtils.projitems*{f9623c13-348b-47d1-9df1-4580b7c5ccb6}*SharedItemsImports = 13
		BlackFox.BinaryUtils\BinaryUtils.projitems*{98e75fee-0fbb-4e57-881b-0f4d9756a608}*SharedItemsImports = 4
		ResharperAnnotations\ResharperAnnotations.projitems*{98e75fee-0fbb-4e57-881b-0f4d9756a608}*SharedItemsImports = 4
		BlackFox.BinaryUtils\BinaryUtils.projitems*{6781a77f-b12f-46a7-9031-7dc282226a11}*SharedItemsImports = 4
		ResharperAnnotations\ResharperAnnotations.projitems*{6781a77f-b12f-46a7-9031-7dc282226a11}*SharedItemsImports = 4
		BlackFox.BinaryUtils\BinaryUtils.projitems*{029ad986-b1c8-4713-aac6-783761e8d042}*SharedItemsImports = 4
		ResharperAnnotations\ResharperAnnotations.projitems*{029ad986-b1c8-4713-aac6-783761e8d042}*SharedItemsImports = 4
		BlackFox.Binary.Logging\BlackFox.Binary.Logging.projitems*{9f157242-9ae6-4adb-8085-fd1fb5cd4c12}*SharedItemsImports = 13
		ResharperAnnotations\ResharperAnnotations.projitems*{cf042726-f1ee-4ca1-906a-346fa6647b88}*SharedItemsImports = 13
		BlackFox.BinaryUtils\BinaryUtils.projitems*{d3a00e99-5078-496d-a726-ba7daa132c08}*SharedItemsImports = 4
		ResharperAnnotations\ResharperAnnotations.projitems*{d3a00e99-5078-496d-a726-ba7daa132c08}*SharedItemsImports = 4
		BlackFox.BinaryUtils\BinaryUtils.projitems*{82a6d2fa-7322-40f9-8cc8-91af500be384}*SharedItemsImports = 4
		ResharperAnnotations\ResharperAnnotations.projitems*{82a6d2fa-7322-40f9-8cc8-91af500be384}*SharedItemsImports = 4
		ResharperAnnotations\ResharperAnnotations.projitems*{9326377b-a51a-4cf4-b0f3-4a82060c419c}*SharedItemsImports = 4
	EndGlobalSection
	GlobalSection(SolutionConfigurationPlatforms) = preSolution
		Debug|Any CPU = Debug|Any CPU
		Debug|ARM = Debug|ARM
		Debug|x64 = Debug|x64
		Debug|x86 = Debug|x86
		Release|Any CPU = Release|Any CPU
		Release|ARM = Release|ARM
		Release|x64 = Release|x64
		Release|x86 = Release|x86
	EndGlobalSection
	GlobalSection(ProjectConfigurationPlatforms) = postSolution
		{9326377B-A51A-4CF4-B0F3-4A82060C419C}.Debug|Any CPU.ActiveCfg = Debug|Any CPU
		{9326377B-A51A-4CF4-B0F3-4A82060C419C}.Debug|Any CPU.Build.0 = Debug|Any CPU
		{9326377B-A51A-4CF4-B0F3-4A82060C419C}.Debug|ARM.ActiveCfg = Debug|Any CPU
		{9326377B-A51A-4CF4-B0F3-4A82060C419C}.Debug|ARM.Build.0 = Debug|Any CPU
		{9326377B-A51A-4CF4-B0F3-4A82060C419C}.Debug|x64.ActiveCfg = Debug|Any CPU
		{9326377B-A51A-4CF4-B0F3-4A82060C419C}.Debug|x64.Build.0 = Debug|Any CPU
		{9326377B-A51A-4CF4-B0F3-4A82060C419C}.Debug|x86.ActiveCfg = Debug|Any CPU
		{9326377B-A51A-4CF4-B0F3-4A82060C419C}.Debug|x86.Build.0 = Debug|Any CPU
		{9326377B-A51A-4CF4-B0F3-4A82060C419C}.Release|Any CPU.ActiveCfg = Release|Any CPU
		{9326377B-A51A-4CF4-B0F3-4A82060C419C}.Release|Any CPU.Build.0 = Release|Any CPU
		{9326377B-A51A-4CF4-B0F3-4A82060C419C}.Release|ARM.ActiveCfg = Release|Any CPU
		{9326377B-A51A-4CF4-B0F3-4A82060C419C}.Release|ARM.Build.0 = Release|Any CPU
		{9326377B-A51A-4CF4-B0F3-4A82060C419C}.Release|x64.ActiveCfg = Release|Any CPU
		{9326377B-A51A-4CF4-B0F3-4A82060C419C}.Release|x64.Build.0 = Release|Any CPU
		{9326377B-A51A-4CF4-B0F3-4A82060C419C}.Release|x86.ActiveCfg = Release|Any CPU
		{9326377B-A51A-4CF4-B0F3-4A82060C419C}.Release|x86.Build.0 = Release|Any CPU
		{E54F34E3-1242-414B-B249-7742835A11A0}.Debug|Any CPU.ActiveCfg = Debug|Any CPU
		{E54F34E3-1242-414B-B249-7742835A11A0}.Debug|Any CPU.Build.0 = Debug|Any CPU
		{E54F34E3-1242-414B-B249-7742835A11A0}.Debug|ARM.ActiveCfg = Debug|Any CPU
		{E54F34E3-1242-414B-B249-7742835A11A0}.Debug|ARM.Build.0 = Debug|Any CPU
		{E54F34E3-1242-414B-B249-7742835A11A0}.Debug|x64.ActiveCfg = Debug|Any CPU
		{E54F34E3-1242-414B-B249-7742835A11A0}.Debug|x64.Build.0 = Debug|Any CPU
		{E54F34E3-1242-414B-B249-7742835A11A0}.Debug|x86.ActiveCfg = Debug|Any CPU
		{E54F34E3-1242-414B-B249-7742835A11A0}.Debug|x86.Build.0 = Debug|Any CPU
		{E54F34E3-1242-414B-B249-7742835A11A0}.Release|Any CPU.ActiveCfg = Release|Any CPU
		{E54F34E3-1242-414B-B249-7742835A11A0}.Release|Any CPU.Build.0 = Release|Any CPU
		{E54F34E3-1242-414B-B249-7742835A11A0}.Release|ARM.ActiveCfg = Release|Any CPU
		{E54F34E3-1242-414B-B249-7742835A11A0}.Release|ARM.Build.0 = Release|Any CPU
		{E54F34E3-1242-414B-B249-7742835A11A0}.Release|x64.ActiveCfg = Release|Any CPU
		{E54F34E3-1242-414B-B249-7742835A11A0}.Release|x64.Build.0 = Release|Any CPU
		{E54F34E3-1242-414B-B249-7742835A11A0}.Release|x86.ActiveCfg = Release|Any CPU
		{E54F34E3-1242-414B-B249-7742835A11A0}.Release|x86.Build.0 = Release|Any CPU
		{4B0BC1CA-6C41-4C3B-8E83-91F332F64E6F}.Debug|Any CPU.ActiveCfg = Debug|Any CPU
		{4B0BC1CA-6C41-4C3B-8E83-91F332F64E6F}.Debug|Any CPU.Build.0 = Debug|Any CPU
		{4B0BC1CA-6C41-4C3B-8E83-91F332F64E6F}.Debug|ARM.ActiveCfg = Debug|Any CPU
		{4B0BC1CA-6C41-4C3B-8E83-91F332F64E6F}.Debug|ARM.Build.0 = Debug|Any CPU
		{4B0BC1CA-6C41-4C3B-8E83-91F332F64E6F}.Debug|x64.ActiveCfg = Debug|Any CPU
		{4B0BC1CA-6C41-4C3B-8E83-91F332F64E6F}.Debug|x64.Build.0 = Debug|Any CPU
		{4B0BC1CA-6C41-4C3B-8E83-91F332F64E6F}.Debug|x86.ActiveCfg = Debug|Any CPU
		{4B0BC1CA-6C41-4C3B-8E83-91F332F64E6F}.Debug|x86.Build.0 = Debug|Any CPU
		{4B0BC1CA-6C41-4C3B-8E83-91F332F64E6F}.Release|Any CPU.ActiveCfg = Release|Any CPU
		{4B0BC1CA-6C41-4C3B-8E83-91F332F64E6F}.Release|Any CPU.Build.0 = Release|Any CPU
		{4B0BC1CA-6C41-4C3B-8E83-91F332F64E6F}.Release|ARM.ActiveCfg = Release|Any CPU
		{4B0BC1CA-6C41-4C3B-8E83-91F332F64E6F}.Release|ARM.Build.0 = Release|Any CPU
		{4B0BC1CA-6C41-4C3B-8E83-91F332F64E6F}.Release|x64.ActiveCfg = Release|Any CPU
		{4B0BC1CA-6C41-4C3B-8E83-91F332F64E6F}.Release|x64.Build.0 = Release|Any CPU
		{4B0BC1CA-6C41-4C3B-8E83-91F332F64E6F}.Release|x86.ActiveCfg = Release|Any CPU
		{4B0BC1CA-6C41-4C3B-8E83-91F332F64E6F}.Release|x86.Build.0 = Release|Any CPU
		{91F112E1-5DCB-4315-9C52-A34FD175C4FA}.Debug|Any CPU.ActiveCfg = Debug|Any CPU
		{91F112E1-5DCB-4315-9C52-A34FD175C4FA}.Debug|Any CPU.Build.0 = Debug|Any CPU
		{91F112E1-5DCB-4315-9C52-A34FD175C4FA}.Debug|ARM.ActiveCfg = Debug|Any CPU
		{91F112E1-5DCB-4315-9C52-A34FD175C4FA}.Debug|ARM.Build.0 = Debug|Any CPU
		{91F112E1-5DCB-4315-9C52-A34FD175C4FA}.Debug|x64.ActiveCfg = Debug|Any CPU
		{91F112E1-5DCB-4315-9C52-A34FD175C4FA}.Debug|x64.Build.0 = Debug|Any CPU
		{91F112E1-5DCB-4315-9C52-A34FD175C4FA}.Debug|x86.ActiveCfg = Debug|Any CPU
		{91F112E1-5DCB-4315-9C52-A34FD175C4FA}.Debug|x86.Build.0 = Debug|Any CPU
		{91F112E1-5DCB-4315-9C52-A34FD175C4FA}.Release|Any CPU.ActiveCfg = Release|Any CPU
		{91F112E1-5DCB-4315-9C52-A34FD175C4FA}.Release|Any CPU.Build.0 = Release|Any CPU
		{91F112E1-5DCB-4315-9C52-A34FD175C4FA}.Release|ARM.ActiveCfg = Release|Any CPU
		{91F112E1-5DCB-4315-9C52-A34FD175C4FA}.Release|ARM.Build.0 = Release|Any CPU
		{91F112E1-5DCB-4315-9C52-A34FD175C4FA}.Release|x64.ActiveCfg = Release|Any CPU
		{91F112E1-5DCB-4315-9C52-A34FD175C4FA}.Release|x64.Build.0 = Release|Any CPU
		{91F112E1-5DCB-4315-9C52-A34FD175C4FA}.Release|x86.ActiveCfg = Release|Any CPU
		{91F112E1-5DCB-4315-9C52-A34FD175C4FA}.Release|x86.Build.0 = Release|Any CPU
		{82A6D2FA-7322-40F9-8CC8-91AF500BE384}.Debug|Any CPU.ActiveCfg = Debug|Any CPU
		{82A6D2FA-7322-40F9-8CC8-91AF500BE384}.Debug|Any CPU.Build.0 = Debug|Any CPU
		{82A6D2FA-7322-40F9-8CC8-91AF500BE384}.Debug|ARM.ActiveCfg = Debug|Any CPU
		{82A6D2FA-7322-40F9-8CC8-91AF500BE384}.Debug|ARM.Build.0 = Debug|Any CPU
		{82A6D2FA-7322-40F9-8CC8-91AF500BE384}.Debug|x64.ActiveCfg = Debug|Any CPU
		{82A6D2FA-7322-40F9-8CC8-91AF500BE384}.Debug|x64.Build.0 = Debug|Any CPU
		{82A6D2FA-7322-40F9-8CC8-91AF500BE384}.Debug|x86.ActiveCfg = Debug|Any CPU
		{82A6D2FA-7322-40F9-8CC8-91AF500BE384}.Debug|x86.Build.0 = Debug|Any CPU
		{82A6D2FA-7322-40F9-8CC8-91AF500BE384}.Release|Any CPU.ActiveCfg = Release|Any CPU
		{82A6D2FA-7322-40F9-8CC8-91AF500BE384}.Release|Any CPU.Build.0 = Release|Any CPU
		{82A6D2FA-7322-40F9-8CC8-91AF500BE384}.Release|ARM.ActiveCfg = Release|Any CPU
		{82A6D2FA-7322-40F9-8CC8-91AF500BE384}.Release|ARM.Build.0 = Release|Any CPU
		{82A6D2FA-7322-40F9-8CC8-91AF500BE384}.Release|x64.ActiveCfg = Release|Any CPU
		{82A6D2FA-7322-40F9-8CC8-91AF500BE384}.Release|x64.Build.0 = Release|Any CPU
		{82A6D2FA-7322-40F9-8CC8-91AF500BE384}.Release|x86.ActiveCfg = Release|Any CPU
		{82A6D2FA-7322-40F9-8CC8-91AF500BE384}.Release|x86.Build.0 = Release|Any CPU
		{6781A77F-B12F-46A7-9031-7DC282226A11}.Debug|Any CPU.ActiveCfg = Debug|Any CPU
		{6781A77F-B12F-46A7-9031-7DC282226A11}.Debug|Any CPU.Build.0 = Debug|Any CPU
		{6781A77F-B12F-46A7-9031-7DC282226A11}.Debug|ARM.ActiveCfg = Debug|Any CPU
		{6781A77F-B12F-46A7-9031-7DC282226A11}.Debug|ARM.Build.0 = Debug|Any CPU
		{6781A77F-B12F-46A7-9031-7DC282226A11}.Debug|x64.ActiveCfg = Debug|Any CPU
		{6781A77F-B12F-46A7-9031-7DC282226A11}.Debug|x64.Build.0 = Debug|Any CPU
		{6781A77F-B12F-46A7-9031-7DC282226A11}.Debug|x86.ActiveCfg = Debug|Any CPU
		{6781A77F-B12F-46A7-9031-7DC282226A11}.Debug|x86.Build.0 = Debug|Any CPU
		{6781A77F-B12F-46A7-9031-7DC282226A11}.Release|Any CPU.ActiveCfg = Release|Any CPU
		{6781A77F-B12F-46A7-9031-7DC282226A11}.Release|Any CPU.Build.0 = Release|Any CPU
		{6781A77F-B12F-46A7-9031-7DC282226A11}.Release|ARM.ActiveCfg = Release|Any CPU
		{6781A77F-B12F-46A7-9031-7DC282226A11}.Release|ARM.Build.0 = Release|Any CPU
		{6781A77F-B12F-46A7-9031-7DC282226A11}.Release|x64.ActiveCfg = Release|Any CPU
		{6781A77F-B12F-46A7-9031-7DC282226A11}.Release|x64.Build.0 = Release|Any CPU
		{6781A77F-B12F-46A7-9031-7DC282226A11}.Release|x86.ActiveCfg = Release|Any CPU
		{6781A77F-B12F-46A7-9031-7DC282226A11}.Release|x86.Build.0 = Release|Any CPU
		{029AD986-B1C8-4713-AAC6-783761E8D042}.Debug|Any CPU.ActiveCfg = Debug|Any CPU
		{029AD986-B1C8-4713-AAC6-783761E8D042}.Debug|Any CPU.Build.0 = Debug|Any CPU
		{029AD986-B1C8-4713-AAC6-783761E8D042}.Debug|ARM.ActiveCfg = Debug|Any CPU
		{029AD986-B1C8-4713-AAC6-783761E8D042}.Debug|ARM.Build.0 = Debug|Any CPU
		{029AD986-B1C8-4713-AAC6-783761E8D042}.Debug|x64.ActiveCfg = Debug|Any CPU
		{029AD986-B1C8-4713-AAC6-783761E8D042}.Debug|x64.Build.0 = Debug|Any CPU
		{029AD986-B1C8-4713-AAC6-783761E8D042}.Debug|x86.ActiveCfg = Debug|Any CPU
		{029AD986-B1C8-4713-AAC6-783761E8D042}.Debug|x86.Build.0 = Debug|Any CPU
		{029AD986-B1C8-4713-AAC6-783761E8D042}.Release|Any CPU.ActiveCfg = Release|Any CPU
		{029AD986-B1C8-4713-AAC6-783761E8D042}.Release|Any CPU.Build.0 = Release|Any CPU
		{029AD986-B1C8-4713-AAC6-783761E8D042}.Release|ARM.ActiveCfg = Release|Any CPU
		{029AD986-B1C8-4713-AAC6-783761E8D042}.Release|ARM.Build.0 = Release|Any CPU
		{029AD986-B1C8-4713-AAC6-783761E8D042}.Release|x64.ActiveCfg = Release|Any CPU
		{029AD986-B1C8-4713-AAC6-783761E8D042}.Release|x64.Build.0 = Release|Any CPU
		{029AD986-B1C8-4713-AAC6-783761E8D042}.Release|x86.ActiveCfg = Release|Any CPU
		{029AD986-B1C8-4713-AAC6-783761E8D042}.Release|x86.Build.0 = Release|Any CPU
		{58A39661-89FB-4017-AB57-9FDB70C69AC2}.Debug|Any CPU.ActiveCfg = Debug|Any CPU
		{58A39661-89FB-4017-AB57-9FDB70C69AC2}.Debug|Any CPU.Build.0 = Debug|Any CPU
		{58A39661-89FB-4017-AB57-9FDB70C69AC2}.Debug|ARM.ActiveCfg = Debug|Any CPU
		{58A39661-89FB-4017-AB57-9FDB70C69AC2}.Debug|ARM.Build.0 = Debug|Any CPU
		{58A39661-89FB-4017-AB57-9FDB70C69AC2}.Debug|x64.ActiveCfg = Debug|Any CPU
		{58A39661-89FB-4017-AB57-9FDB70C69AC2}.Debug|x64.Build.0 = Debug|Any CPU
		{58A39661-89FB-4017-AB57-9FDB70C69AC2}.Debug|x86.ActiveCfg = Debug|Any CPU
		{58A39661-89FB-4017-AB57-9FDB70C69AC2}.Debug|x86.Build.0 = Debug|Any CPU
		{58A39661-89FB-4017-AB57-9FDB70C69AC2}.Release|Any CPU.ActiveCfg = Release|Any CPU
		{58A39661-89FB-4017-AB57-9FDB70C69AC2}.Release|Any CPU.Build.0 = Release|Any CPU
		{58A39661-89FB-4017-AB57-9FDB70C69AC2}.Release|ARM.ActiveCfg = Release|Any CPU
		{58A39661-89FB-4017-AB57-9FDB70C69AC2}.Release|ARM.Build.0 = Release|Any CPU
		{58A39661-89FB-4017-AB57-9FDB70C69AC2}.Release|x64.ActiveCfg = Release|Any CPU
		{58A39661-89FB-4017-AB57-9FDB70C69AC2}.Release|x64.Build.0 = Release|Any CPU
		{58A39661-89FB-4017-AB57-9FDB70C69AC2}.Release|x86.ActiveCfg = Release|Any CPU
		{58A39661-89FB-4017-AB57-9FDB70C69AC2}.Release|x86.Build.0 = Release|Any CPU
		{98E75FEE-0FBB-4E57-881B-0F4D9756A608}.Debug|Any CPU.ActiveCfg = Debug|x86
		{98E75FEE-0FBB-4E57-881B-0F4D9756A608}.Debug|Any CPU.Build.0 = Debug|x86
		{98E75FEE-0FBB-4E57-881B-0F4D9756A608}.Debug|Any CPU.Deploy.0 = Debug|x86
		{98E75FEE-0FBB-4E57-881B-0F4D9756A608}.Debug|ARM.ActiveCfg = Debug|ARM
		{98E75FEE-0FBB-4E57-881B-0F4D9756A608}.Debug|ARM.Build.0 = Debug|ARM
		{98E75FEE-0FBB-4E57-881B-0F4D9756A608}.Debug|ARM.Deploy.0 = Debug|ARM
		{98E75FEE-0FBB-4E57-881B-0F4D9756A608}.Debug|x64.ActiveCfg = Debug|x64
		{98E75FEE-0FBB-4E57-881B-0F4D9756A608}.Debug|x64.Build.0 = Debug|x64
		{98E75FEE-0FBB-4E57-881B-0F4D9756A608}.Debug|x64.Deploy.0 = Debug|x64
		{98E75FEE-0FBB-4E57-881B-0F4D9756A608}.Debug|x86.ActiveCfg = Debug|x86
		{98E75FEE-0FBB-4E57-881B-0F4D9756A608}.Debug|x86.Build.0 = Debug|x86
		{98E75FEE-0FBB-4E57-881B-0F4D9756A608}.Debug|x86.Deploy.0 = Debug|x86
		{98E75FEE-0FBB-4E57-881B-0F4D9756A608}.Release|Any CPU.ActiveCfg = Release|x86
		{98E75FEE-0FBB-4E57-881B-0F4D9756A608}.Release|ARM.ActiveCfg = Release|ARM
		{98E75FEE-0FBB-4E57-881B-0F4D9756A608}.Release|ARM.Build.0 = Release|ARM
		{98E75FEE-0FBB-4E57-881B-0F4D9756A608}.Release|ARM.Deploy.0 = Release|ARM
		{98E75FEE-0FBB-4E57-881B-0F4D9756A608}.Release|x64.ActiveCfg = Release|x64
		{98E75FEE-0FBB-4E57-881B-0F4D9756A608}.Release|x64.Build.0 = Release|x64
		{98E75FEE-0FBB-4E57-881B-0F4D9756A608}.Release|x64.Deploy.0 = Release|x64
		{98E75FEE-0FBB-4E57-881B-0F4D9756A608}.Release|x86.ActiveCfg = Release|x86
		{98E75FEE-0FBB-4E57-881B-0F4D9756A608}.Release|x86.Build.0 = Release|x86
		{98E75FEE-0FBB-4E57-881B-0F4D9756A608}.Release|x86.Deploy.0 = Release|x86
		{D3A00E99-5078-496D-A726-BA7DAA132C08}.Debug|Any CPU.ActiveCfg = Debug|Any CPU
		{D3A00E99-5078-496D-A726-BA7DAA132C08}.Debug|Any CPU.Build.0 = Debug|Any CPU
		{D3A00E99-5078-496D-A726-BA7DAA132C08}.Debug|ARM.ActiveCfg = Debug|Any CPU
		{D3A00E99-5078-496D-A726-BA7DAA132C08}.Debug|ARM.Build.0 = Debug|Any CPU
		{D3A00E99-5078-496D-A726-BA7DAA132C08}.Debug|x64.ActiveCfg = Debug|Any CPU
		{D3A00E99-5078-496D-A726-BA7DAA132C08}.Debug|x64.Build.0 = Debug|Any CPU
		{D3A00E99-5078-496D-A726-BA7DAA132C08}.Debug|x86.ActiveCfg = Debug|Any CPU
		{D3A00E99-5078-496D-A726-BA7DAA132C08}.Debug|x86.Build.0 = Debug|Any CPU
		{D3A00E99-5078-496D-A726-BA7DAA132C08}.Release|Any CPU.ActiveCfg = Release|Any CPU
		{D3A00E99-5078-496D-A726-BA7DAA132C08}.Release|Any CPU.Build.0 = Release|Any CPU
		{D3A00E99-5078-496D-A726-BA7DAA132C08}.Release|ARM.ActiveCfg = Release|Any CPU
		{D3A00E99-5078-496D-A726-BA7DAA132C08}.Release|ARM.Build.0 = Release|Any CPU
		{D3A00E99-5078-496D-A726-BA7DAA132C08}.Release|x64.ActiveCfg = Release|Any CPU
		{D3A00E99-5078-496D-A726-BA7DAA132C08}.Release|x64.Build.0 = Release|Any CPU
		{D3A00E99-5078-496D-A726-BA7DAA132C08}.Release|x86.ActiveCfg = Release|Any CPU
		{D3A00E99-5078-496D-A726-BA7DAA132C08}.Release|x86.Build.0 = Release|Any CPU
	EndGlobalSection
	GlobalSection(SolutionProperties) = preSolution
		HideSolutionNode = FALSE
	EndGlobalSection
	GlobalSection(NestedProjects) = preSolution
		{9326377B-A51A-4CF4-B0F3-4A82060C419C} = {D75D4A60-4A6D-48CB-802B-E3F1357593CD}
		{E54F34E3-1242-414B-B249-7742835A11A0} = {D75D4A60-4A6D-48CB-802B-E3F1357593CD}
		{82A6D2FA-7322-40F9-8CC8-91AF500BE384} = {B9B87572-7B00-4C62-A3DF-32CA33D9F289}
		{6781A77F-B12F-46A7-9031-7DC282226A11} = {B9B87572-7B00-4C62-A3DF-32CA33D9F289}
		{029AD986-B1C8-4713-AAC6-783761E8D042} = {B9B87572-7B00-4C62-A3DF-32CA33D9F289}
		{58A39661-89FB-4017-AB57-9FDB70C69AC2} = {B9B87572-7B00-4C62-A3DF-32CA33D9F289}
		{D3A00E99-5078-496D-A726-BA7DAA132C08} = {D75D4A60-4A6D-48CB-802B-E3F1357593CD}
	EndGlobalSection
EndGlobal
